{
  "pins" : [
    {
      "identity" : "faeziilbtatools",
      "kind" : "remoteSourceControl",
      "location" : "https://github.com/faerae-razii/FaeZiiLBTATools",
      "state" : {
        "revision" : "bdbde083ac86b85f24ece469d1f9e852b9322b4d",
        "version" : "1.0.1"
      }
    },
    {
      "identity" : "snapkit",
      "kind" : "remoteSourceControl",
      "location" : "https://github.com/SnapKit/SnapKit",
      "state" : {
        "revision" : "f222cbdf325885926566172f6f5f06af95473158",
        "version" : "5.6.0"
      }
    }
  ],
  "version" : 2
}
